
Microsoft Visual Studio Solution File, Format Version 12.00
# Visual Studio 15
Project("{FAE04EC0-301F-11D3-BF4B-00C04F79EFBC}") = "Katas", "BowlingKata\Katas.csproj", "{9B1F06A9-3980-4E87-AE06-D67D46467B7B}"
EndProject
Project("{FAE04EC0-301F-11D3-BF4B-00C04F79EFBC}") = "Katas.Tests", "BowlingKata.Tests\Katas.Tests.csproj", "{06565555-4B18-4480-80C9-A68E0910D617}"
EndProject
Global
	GlobalSection(SolutionConfigurationPlatforms) = preSolution
		Debug|Any CPU = Debug|Any CPU
		Release|Any CPU = Release|Any CPU
	EndGlobalSection
	GlobalSection(ProjectConfigurationPlatforms) = postSolution
		{9B1F06A9-3980-4E87-AE06-D67D46467B7B}.Debug|Any CPU.ActiveCfg = Debug|Any CPU
		{9B1F06A9-3980-4E87-AE06-D67D46467B7B}.Debug|Any CPU.Build.0 = Debug|Any CPU
		{9B1F06A9-3980-4E87-AE06-D67D46467B7B}.Release|Any CPU.ActiveCfg = Release|Any CPU
		{9B1F06A9-3980-4E87-AE06-D67D46467B7B}.Release|Any CPU.Build.0 = Release|Any CPU
		{06565555-4B18-4480-80C9-A68E0910D617}.Debug|Any CPU.ActiveCfg = Debug|Any CPU
		{06565555-4B18-4480-80C9-A68E0910D617}.Debug|Any CPU.Build.0 = Debug|Any CPU
		{06565555-4B18-4480-80C9-A68E0910D617}.Release|Any CPU.ActiveCfg = Release|Any CPU
		{06565555-4B18-4480-80C9-A68E0910D617}.Release|Any CPU.Build.0 = Release|Any CPU
	EndGlobalSection
EndGlobal
